
Microsoft Visual Studio Solution File, Format Version 12.00
# Visual Studio Version 17
VisualStudioVersion = 17.4.33403.182
MinimumVisualStudioVersion = 10.0.40219.1
Project("{FAE04EC0-301F-11D3-BF4B-00C04F79EFBC}") = "Adam's Order List", "Adam's Order List.csproj", "{5AC5123D-C931-415D-B784-6AF747C2AF07}"
EndProject
Global
	GlobalSection(SolutionConfigurationPlatforms) = preSolution
		Debug|Any CPU = Debug|Any CPU
		Release|Any CPU = Release|Any CPU
	EndGlobalSection
	GlobalSection(ProjectConfigurationPlatforms) = postSolution
		{5AC5123D-C931-415D-B784-6AF747C2AF07}.Debug|Any CPU.ActiveCfg = Debug|Any CPU
		{5AC5123D-C931-415D-B784-6AF747C2AF07}.Debug|Any CPU.Build.0 = Debug|Any CPU
		{5AC5123D-C931-415D-B784-6AF747C2AF07}.Release|Any CPU.ActiveCfg = Release|Any CPU
		{5AC5123D-C931-415D-B784-6AF747C2AF07}.Release|Any CPU.Build.0 = Release|Any CPU
	EndGlobalSection
	GlobalSection(SolutionProperties) = preSolution
		HideSolutionNode = FALSE
	EndGlobalSection
	GlobalSection(ExtensibilityGlobals) = postSolution
		SolutionGuid = {2251B0D7-61FE-41B1-A9E2-048F312D29C6}
	EndGlobalSection
EndGlobal
